
Microsoft Visual Studio Solution File, Format Version 12.00
# Visual Studio Version 16
VisualStudioVersion = 25.0.1705.4
MinimumVisualStudioVersion = 10.0.40219.1
Project("{FAE04EC0-301F-11D3-BF4B-00C04F79EFBC}") = "ProjectModels", "ProjectModels\ProjectModels.csproj", "{FB6596C3-2E8E-4712-AE7F-792B496EB33D}"
EndProject
Project("{FAE04EC0-301F-11D3-BF4B-00C04F79EFBC}") = "WebAssemplyApp", "WebAssemplyApp\WebAssemplyApp.csproj", "{216C1BDB-D1BF-4508-9A96-510DE46B95FE}"
EndProject
Project("{FAE04EC0-301F-11D3-BF4B-00C04F79EFBC}") = "BlazorCommon", "BlazorCommon\BlazorCommon.csproj", "{EEF9F48E-9E60-442D-86F7-8FCD6A68A373}"
EndProject
Project("{FAE04EC0-301F-11D3-BF4B-00C04F79EFBC}") = "BlazorBusiness", "BlazorBusiness\BlazorBusiness.csproj", "{904BB101-73A2-418B-A2EA-869A15EF6338}"
EndProject
Project("{FAE04EC0-301F-11D3-BF4B-00C04F79EFBC}") = "BlazorDataAccess", "BlazorDataAccess\BlazorDataAccess.csproj", "{3090D7FB-5C3E-4ACA-B052-029148C5D5A2}"
EndProject
Project("{FAE04EC0-301F-11D3-BF4B-00C04F79EFBC}") = "BlazorServer", "BlazorServer\BlazorServer.csproj", "{5CD200DA-4798-4024-9F16-20D73B12E3F7}"
EndProject
Project("{FAE04EC0-301F-11D3-BF4B-00C04F79EFBC}") = "BlazorAPI", "BlazorAPI\BlazorAPI.csproj", "{9020E7D6-5311-431F-B7E4-2855D10D2C87}"
EndProject
Project("{FAE04EC0-301F-11D3-BF4B-00C04F79EFBC}") = "BlazerWebAssembly", "BlazerWebAssembly\BlazerWebAssembly.csproj", "{60680729-5BC6-420F-99B1-ACE9C6A4CDDA}"
EndProject
Global
	GlobalSection(SolutionConfigurationPlatforms) = preSolution
		Debug|Any CPU = Debug|Any CPU
		Release|Any CPU = Release|Any CPU
	EndGlobalSection
	GlobalSection(ProjectConfigurationPlatforms) = postSolution
		{FB6596C3-2E8E-4712-AE7F-792B496EB33D}.Debug|Any CPU.ActiveCfg = Debug|Any CPU
		{FB6596C3-2E8E-4712-AE7F-792B496EB33D}.Debug|Any CPU.Build.0 = Debug|Any CPU
		{FB6596C3-2E8E-4712-AE7F-792B496EB33D}.Release|Any CPU.ActiveCfg = Release|Any CPU
		{FB6596C3-2E8E-4712-AE7F-792B496EB33D}.Release|Any CPU.Build.0 = Release|Any CPU
		{216C1BDB-D1BF-4508-9A96-510DE46B95FE}.Debug|Any CPU.ActiveCfg = Debug|Any CPU
		{216C1BDB-D1BF-4508-9A96-510DE46B95FE}.Debug|Any CPU.Build.0 = Debug|Any CPU
		{216C1BDB-D1BF-4508-9A96-510DE46B95FE}.Release|Any CPU.ActiveCfg = Release|Any CPU
		{216C1BDB-D1BF-4508-9A96-510DE46B95FE}.Release|Any CPU.Build.0 = Release|Any CPU
		{EEF9F48E-9E60-442D-86F7-8FCD6A68A373}.Debug|Any CPU.ActiveCfg = Debug|Any CPU
		{EEF9F48E-9E60-442D-86F7-8FCD6A68A373}.Debug|Any CPU.Build.0 = Debug|Any CPU
		{EEF9F48E-9E60-442D-86F7-8FCD6A68A373}.Release|Any CPU.ActiveCfg = Release|Any CPU
		{EEF9F48E-9E60-442D-86F7-8FCD6A68A373}.Release|Any CPU.Build.0 = Release|Any CPU
		{904BB101-73A2-418B-A2EA-869A15EF6338}.Debug|Any CPU.ActiveCfg = Debug|Any CPU
		{904BB101-73A2-418B-A2EA-869A15EF6338}.Debug|Any CPU.Build.0 = Debug|Any CPU
		{904BB101-73A2-418B-A2EA-869A15EF6338}.Release|Any CPU.ActiveCfg = Release|Any CPU
		{904BB101-73A2-418B-A2EA-869A15EF6338}.Release|Any CPU.Build.0 = Release|Any CPU
		{3090D7FB-5C3E-4ACA-B052-029148C5D5A2}.Debug|Any CPU.ActiveCfg = Debug|Any CPU
		{3090D7FB-5C3E-4ACA-B052-029148C5D5A2}.Debug|Any CPU.Build.0 = Debug|Any CPU
		{3090D7FB-5C3E-4ACA-B052-029148C5D5A2}.Release|Any CPU.ActiveCfg = Release|Any CPU
		{3090D7FB-5C3E-4ACA-B052-029148C5D5A2}.Release|Any CPU.Build.0 = Release|Any CPU
		{5CD200DA-4798-4024-9F16-20D73B12E3F7}.Debug|Any CPU.ActiveCfg = Debug|Any CPU
		{5CD200DA-4798-4024-9F16-20D73B12E3F7}.Debug|Any CPU.Build.0 = Debug|Any CPU
		{5CD200DA-4798-4024-9F16-20D73B12E3F7}.Release|Any CPU.ActiveCfg = Release|Any CPU
		{5CD200DA-4798-4024-9F16-20D73B12E3F7}.Release|Any CPU.Build.0 = Release|Any CPU
		{9020E7D6-5311-431F-B7E4-2855D10D2C87}.Debug|Any CPU.ActiveCfg = Debug|Any CPU
		{9020E7D6-5311-431F-B7E4-2855D10D2C87}.Debug|Any CPU.Build.0 = Debug|Any CPU
		{9020E7D6-5311-431F-B7E4-2855D10D2C87}.Release|Any CPU.ActiveCfg = Release|Any CPU
		{9020E7D6-5311-431F-B7E4-2855D10D2C87}.Release|Any CPU.Build.0 = Release|Any CPU
		{60680729-5BC6-420F-99B1-ACE9C6A4CDDA}.Debug|Any CPU.ActiveCfg = Debug|Any CPU
		{60680729-5BC6-420F-99B1-ACE9C6A4CDDA}.Debug|Any CPU.Build.0 = Debug|Any CPU
		{60680729-5BC6-420F-99B1-ACE9C6A4CDDA}.Release|Any CPU.ActiveCfg = Release|Any CPU
		{60680729-5BC6-420F-99B1-ACE9C6A4CDDA}.Release|Any CPU.Build.0 = Release|Any CPU
	EndGlobalSection
	GlobalSection(SolutionProperties) = preSolution
		HideSolutionNode = FALSE
	EndGlobalSection
	GlobalSection(ExtensibilityGlobals) = postSolution
		SolutionGuid = {77857B8D-7B27-4641-823E-B9584A3E0C97}
	EndGlobalSection
EndGlobal
